{
  "name": "@genie-networks/gcl_gsonjs",
  "version": "0.1.32",
  "lockfileVersion": 1,
  "requires": true,
  "dependencies": {
    "ipaddr.js": {
      "version": "1.6.0",
      "resolved": "http://192.168.11.192:4873/ipaddr.js/-/ipaddr.js-1.6.0.tgz",
      "integrity": "sha1-4/o1e3c9phnybpXwSdBVxyeW+Gs="
    },
    "lodash": {
      "version": "4.17.15",
      "resolved": "https://registry.npmjs.org/lodash/-/lodash-4.17.15.tgz",
      "integrity": "sha512-8xOcRHvCjnocdS5cpwXQXVzmmh5e5+saE2QGoeQmbKmRS6J3VQppPOIt0MnmE+4xlZoumy0GPG0D0MVIQbNA1A=="
    },
    "moment": {
      "version": "2.21.0",
      "resolved": "http://192.168.11.192:4873/moment/-/moment-2.21.0.tgz",
      "integrity": "sha512-TCZ36BjURTeFTM/CwRcViQlfkMvL1/vFISuNLO5GkcVm1+QHfbSiNqZuWeMFjj1/3+uAjXswgRk30j1kkLYJBQ=="
    },
    "uuid": {
      "version": "3.2.1",
      "resolved": "http://192.168.11.192:4873/uuid/-/uuid-3.2.1.tgz",
      "integrity": "sha1-EsUou51Y0LkmXZovbw/ovhf/HxQ="
    },
    "uuid-parse": {
      "version": "1.0.0",
      "resolved": "http://192.168.11.192:4873/uuid-parse/-/uuid-parse-1.0.0.tgz",
      "integrity": "sha1-9GV3F2JLDkuIrzb5jYlYmlu+5Wk="
    }
  }
}
